
Microsoft Visual Studio Solution File, Format Version 12.00
# Visual Studio Version 17
VisualStudioVersion = 17.7.34202.233
MinimumVisualStudioVersion = 10.0.40219.1
Project("{9A19103F-16F7-4668-BE54-9A1E7A4F7556}") = "API", "API\API.csproj", "{EE5FD5F3-18EF-4C52-911B-21270DB2F17E}"
EndProject
Project("{9A19103F-16F7-4668-BE54-9A1E7A4F7556}") = "Infrastructure", "Infrastructure\Infrastructure.csproj", "{BAFEF0C0-A61E-4181-A974-C69CDE8A830B}"
EndProject
Project("{9A19103F-16F7-4668-BE54-9A1E7A4F7556}") = "Data", "Data\Data.csproj", "{75F12B01-ED10-47DF-A2A3-0C6EA4EAE4C2}"
EndProject
Project("{FAE04EC0-301F-11D3-BF4B-00C04F79EFBC}") = "Service", "Service\Service.csproj", "{D1F4B6E0-A3CF-48D4-B3C7-250B0A1B8714}"
EndProject
Global
	GlobalSection(SolutionConfigurationPlatforms) = preSolution
		Debug|Any CPU = Debug|Any CPU
		Release|Any CPU = Release|Any CPU
	EndGlobalSection
	GlobalSection(ProjectConfigurationPlatforms) = postSolution
		{EE5FD5F3-18EF-4C52-911B-21270DB2F17E}.Debug|Any CPU.ActiveCfg = Debug|Any CPU
		{EE5FD5F3-18EF-4C52-911B-21270DB2F17E}.Debug|Any CPU.Build.0 = Debug|Any CPU
		{EE5FD5F3-18EF-4C52-911B-21270DB2F17E}.Release|Any CPU.ActiveCfg = Release|Any CPU
		{EE5FD5F3-18EF-4C52-911B-21270DB2F17E}.Release|Any CPU.Build.0 = Release|Any CPU
		{BAFEF0C0-A61E-4181-A974-C69CDE8A830B}.Debug|Any CPU.ActiveCfg = Debug|Any CPU
		{BAFEF0C0-A61E-4181-A974-C69CDE8A830B}.Debug|Any CPU.Build.0 = Debug|Any CPU
		{BAFEF0C0-A61E-4181-A974-C69CDE8A830B}.Release|Any CPU.ActiveCfg = Release|Any CPU
		{BAFEF0C0-A61E-4181-A974-C69CDE8A830B}.Release|Any CPU.Build.0 = Release|Any CPU
		{75F12B01-ED10-47DF-A2A3-0C6EA4EAE4C2}.Debug|Any CPU.ActiveCfg = Debug|Any CPU
		{75F12B01-ED10-47DF-A2A3-0C6EA4EAE4C2}.Debug|Any CPU.Build.0 = Debug|Any CPU
		{75F12B01-ED10-47DF-A2A3-0C6EA4EAE4C2}.Release|Any CPU.ActiveCfg = Release|Any CPU
		{75F12B01-ED10-47DF-A2A3-0C6EA4EAE4C2}.Release|Any CPU.Build.0 = Release|Any CPU
		{D1F4B6E0-A3CF-48D4-B3C7-250B0A1B8714}.Debug|Any CPU.ActiveCfg = Debug|Any CPU
		{D1F4B6E0-A3CF-48D4-B3C7-250B0A1B8714}.Debug|Any CPU.Build.0 = Debug|Any CPU
		{D1F4B6E0-A3CF-48D4-B3C7-250B0A1B8714}.Release|Any CPU.ActiveCfg = Release|Any CPU
		{D1F4B6E0-A3CF-48D4-B3C7-250B0A1B8714}.Release|Any CPU.Build.0 = Release|Any CPU
	EndGlobalSection
	GlobalSection(SolutionProperties) = preSolution
		HideSolutionNode = FALSE
	EndGlobalSection
	GlobalSection(ExtensibilityGlobals) = postSolution
		SolutionGuid = {A460B99D-C66C-4E41-84E3-8638D3CBAFCF}
	EndGlobalSection
EndGlobal
