
Microsoft Visual Studio Solution File, Format Version 12.00
# Visual Studio Version 17
VisualStudioVersion = 17.7.34202.233
MinimumVisualStudioVersion = 10.0.40219.1
Project("{FAE04EC0-301F-11D3-BF4B-00C04F79EFBC}") = "SiteWeb", "SiteWeb\SiteWeb.csproj", "{A22237AA-367D-4515-9F23-CACE33B29741}"
EndProject
Global
	GlobalSection(SolutionConfigurationPlatforms) = preSolution
		Debug|Any CPU = Debug|Any CPU
		Release|Any CPU = Release|Any CPU
	EndGlobalSection
	GlobalSection(ProjectConfigurationPlatforms) = postSolution
		{A22237AA-367D-4515-9F23-CACE33B29741}.Debug|Any CPU.ActiveCfg = Debug|Any CPU
		{A22237AA-367D-4515-9F23-CACE33B29741}.Debug|Any CPU.Build.0 = Debug|Any CPU
		{A22237AA-367D-4515-9F23-CACE33B29741}.Release|Any CPU.ActiveCfg = Release|Any CPU
		{A22237AA-367D-4515-9F23-CACE33B29741}.Release|Any CPU.Build.0 = Release|Any CPU
	EndGlobalSection
	GlobalSection(SolutionProperties) = preSolution
		HideSolutionNode = FALSE
	EndGlobalSection
	GlobalSection(ExtensibilityGlobals) = postSolution
		SolutionGuid = {C5E927CA-AA00-44EE-93EC-B0EEBAA745F8}
	EndGlobalSection
EndGlobal
